
Microsoft Visual Studio Solution File, Format Version 12.00
# Visual Studio Version 17
VisualStudioVersion = 17.6.33815.320
MinimumVisualStudioVersion = 10.0.40219.1
Project("{FAE04EC0-301F-11D3-BF4B-00C04F79EFBC}") = "Conditional and Iterative", "Conditional and Iterative.csproj", "{3500EEB9-A95F-4FC2-B7DF-664C85004A5C}"
EndProject
Global
	GlobalSection(SolutionConfigurationPlatforms) = preSolution
		Debug|Any CPU = Debug|Any CPU
		Release|Any CPU = Release|Any CPU
	EndGlobalSection
	GlobalSection(ProjectConfigurationPlatforms) = postSolution
		{3500EEB9-A95F-4FC2-B7DF-664C85004A5C}.Debug|Any CPU.ActiveCfg = Debug|Any CPU
		{3500EEB9-A95F-4FC2-B7DF-664C85004A5C}.Debug|Any CPU.Build.0 = Debug|Any CPU
		{3500EEB9-A95F-4FC2-B7DF-664C85004A5C}.Release|Any CPU.ActiveCfg = Release|Any CPU
		{3500EEB9-A95F-4FC2-B7DF-664C85004A5C}.Release|Any CPU.Build.0 = Release|Any CPU
	EndGlobalSection
	GlobalSection(SolutionProperties) = preSolution
		HideSolutionNode = FALSE
	EndGlobalSection
	GlobalSection(ExtensibilityGlobals) = postSolution
		SolutionGuid = {B4BA1EAF-5072-407A-84AE-DD9E39B2A7A2}
	EndGlobalSection
EndGlobal
